// !$*UTF8*$!
{
	archiveVersion = 1;
	classes = {
	};
	objectVersion = 55;
	objects = {

/* Begin PBXBuildFile section */
		72C7E73227D86DB90037A2BC /* NetworkResult.swift in Sources */ = {isa = PBXBuildFile; fileRef = 72C7E73127D86DB90037A2BC /* NetworkResult.swift */; };
		72C7E73527D870580037A2BC /* User.swift in Sources */ = {isa = PBXBuildFile; fileRef = 72C7E73427D870580037A2BC /* User.swift */; };
		72C7E73727D871C20037A2BC /* Post.swift in Sources */ = {isa = PBXBuildFile; fileRef = 72C7E73627D871C20037A2BC /* Post.swift */; };
		72C7E73C27D8AAEB0037A2BC /* UserNetworkProvider.swift in Sources */ = {isa = PBXBuildFile; fileRef = 72C7E73B27D8AAEB0037A2BC /* UserNetworkProvider.swift */; };
		72C7E73E27D8ABDE0037A2BC /* UserDataSource.swift in Sources */ = {isa = PBXBuildFile; fileRef = 72C7E73D27D8ABDE0037A2BC /* UserDataSource.swift */; };
		72C7E74127D8AF200037A2BC /* PostNetworkProfider.swift in Sources */ = {isa = PBXBuildFile; fileRef = 72C7E74027D8AF200037A2BC /* PostNetworkProfider.swift */; };
		72C7E74327D8AF4F0037A2BC /* PostDataSource.swift in Sources */ = {isa = PBXBuildFile; fileRef = 72C7E74227D8AF4F0037A2BC /* PostDataSource.swift */; };
		72C7E74727D8B6A00037A2BC /* ListPostVMGuideline.swift in Sources */ = {isa = PBXBuildFile; fileRef = 72C7E74627D8B6A00037A2BC /* ListPostVMGuideline.swift */; };
		72C7E74927D8B8480037A2BC /* ListPostViewModel.swift in Sources */ = {isa = PBXBuildFile; fileRef = 72C7E74827D8B8480037A2BC /* ListPostViewModel.swift */; };
		72C7E74B27D8C6360037A2BC /* ListPostUT.swift in Sources */ = {isa = PBXBuildFile; fileRef = 72C7E74A27D8C6360037A2BC /* ListPostUT.swift */; };
		72C7E74E27D8D5AC0037A2BC /* posts.json in Resources */ = {isa = PBXBuildFile; fileRef = 72C7E74D27D8D5AC0037A2BC /* posts.json */; };
		72C7E75027D8D60D0037A2BC /* users.json in Resources */ = {isa = PBXBuildFile; fileRef = 72C7E74F27D8D60D0037A2BC /* users.json */; };
		72C7E75227D8D6540037A2BC /* DataMockup.swift in Sources */ = {isa = PBXBuildFile; fileRef = 72C7E75127D8D6540037A2BC /* DataMockup.swift */; };
		72C7E75527D8F1120037A2BC /* Comment.swift in Sources */ = {isa = PBXBuildFile; fileRef = 72C7E75427D8F1120037A2BC /* Comment.swift */; };
		72C7E75727D8F3580037A2BC /* CommentNetworkProvider.swift in Sources */ = {isa = PBXBuildFile; fileRef = 72C7E75627D8F3580037A2BC /* CommentNetworkProvider.swift */; };
		72C7E75927D8F39E0037A2BC /* CommentDataSource.swift in Sources */ = {isa = PBXBuildFile; fileRef = 72C7E75827D8F39E0037A2BC /* CommentDataSource.swift */; };
		72C7E75B27D8F6310037A2BC /* comments.json in Resources */ = {isa = PBXBuildFile; fileRef = 72C7E75A27D8F6310037A2BC /* comments.json */; };
		72C7E75D27D8F7CF0037A2BC /* ListCommentUT.swift in Sources */ = {isa = PBXBuildFile; fileRef = 72C7E75C27D8F7CF0037A2BC /* ListCommentUT.swift */; };
		72C7E76027D8F96E0037A2BC /* ListCommentVMGuideline.swift in Sources */ = {isa = PBXBuildFile; fileRef = 72C7E75F27D8F96E0037A2BC /* ListCommentVMGuideline.swift */; };
		72C7E76227D8F9F30037A2BC /* ListCommentViewModel.swift in Sources */ = {isa = PBXBuildFile; fileRef = 72C7E76127D8F9F30037A2BC /* ListCommentViewModel.swift */; };
		72C7E76527D9049E0037A2BC /* comments.json in Resources */ = {isa = PBXBuildFile; fileRef = 72C7E75A27D8F6310037A2BC /* comments.json */; };
		72C7E76627D904AE0037A2BC /* users.json in Resources */ = {isa = PBXBuildFile; fileRef = 72C7E74F27D8D60D0037A2BC /* users.json */; };
		72C7E76727D904AE0037A2BC /* posts.json in Resources */ = {isa = PBXBuildFile; fileRef = 72C7E74D27D8D5AC0037A2BC /* posts.json */; };
		72C7E76927D912410037A2BC /* Album.swift in Sources */ = {isa = PBXBuildFile; fileRef = 72C7E76827D912410037A2BC /* Album.swift */; };
		72C7E76B27D9140A0037A2BC /* Photo.swift in Sources */ = {isa = PBXBuildFile; fileRef = 72C7E76A27D9140A0037A2BC /* Photo.swift */; };
		72C7E76F27D915E00037A2BC /* AlbumNetworkProvider.swift in Sources */ = {isa = PBXBuildFile; fileRef = 72C7E76E27D915E00037A2BC /* AlbumNetworkProvider.swift */; };
		72C7E77127D915F30037A2BC /* AlbumDataSource.swift in Sources */ = {isa = PBXBuildFile; fileRef = 72C7E77027D915F30037A2BC /* AlbumDataSource.swift */; };
		72C7E77327D91A760037A2BC /* PhotoNetworkProvider.swift in Sources */ = {isa = PBXBuildFile; fileRef = 72C7E77227D91A760037A2BC /* PhotoNetworkProvider.swift */; };
		72C7E77527D91AFF0037A2BC /* PhotoDataSource.swift in Sources */ = {isa = PBXBuildFile; fileRef = 72C7E77427D91AFF0037A2BC /* PhotoDataSource.swift */; };
		72C7E77927D91E0A0037A2BC /* ListAlbumsVMGuideline.swift in Sources */ = {isa = PBXBuildFile; fileRef = 72C7E77827D91E0A0037A2BC /* ListAlbumsVMGuideline.swift */; };
		72C7E77B27D91E6F0037A2BC /* ListPhotosVMGuideline.swift in Sources */ = {isa = PBXBuildFile; fileRef = 72C7E77A27D91E6F0037A2BC /* ListPhotosVMGuideline.swift */; };
		72C7E77D27D91ECB0037A2BC /* ListAlbumsViewModel.swift in Sources */ = {isa = PBXBuildFile; fileRef = 72C7E77C27D91ECB0037A2BC /* ListAlbumsViewModel.swift */; };
		72C7E77F27D9244F0037A2BC /* ListPhotosViewModel.swift in Sources */ = {isa = PBXBuildFile; fileRef = 72C7E77E27D9244F0037A2BC /* ListPhotosViewModel.swift */; };
		72D55EBB27D647DB001BBA9F /* AppDelegate.swift in Sources */ = {isa = PBXBuildFile; fileRef = 72D55EBA27D647DB001BBA9F /* AppDelegate.swift */; };
		72D55EBF27D647DB001BBA9F /* ViewController.swift in Sources */ = {isa = PBXBuildFile; fileRef = 72D55EBE27D647DB001BBA9F /* ViewController.swift */; };
		72D55EC227D647DB001BBA9F /* Main.storyboard in Resources */ = {isa = PBXBuildFile; fileRef = 72D55EC027D647DB001BBA9F /* Main.storyboard */; };
		72D55EC427D647DD001BBA9F /* Assets.xcassets in Resources */ = {isa = PBXBuildFile; fileRef = 72D55EC327D647DD001BBA9F /* Assets.xcassets */; };
		72D55EC727D647DD001BBA9F /* LaunchScreen.storyboard in Resources */ = {isa = PBXBuildFile; fileRef = 72D55EC527D647DD001BBA9F /* LaunchScreen.storyboard */; };
		72D55ED227D647DE001BBA9F /* List_PostTests.swift in Sources */ = {isa = PBXBuildFile; fileRef = 72D55ED127D647DE001BBA9F /* List_PostTests.swift */; };
		72D55EDC27D647DE001BBA9F /* List_PostUITests.swift in Sources */ = {isa = PBXBuildFile; fileRef = 72D55EDB27D647DE001BBA9F /* List_PostUITests.swift */; };
		72D55EDE27D647DE001BBA9F /* List_PostUITestsLaunchTests.swift in Sources */ = {isa = PBXBuildFile; fileRef = 72D55EDD27D647DE001BBA9F /* List_PostUITestsLaunchTests.swift */; };
		72D55EEC27D64E5C001BBA9F /* Constant.swift in Sources */ = {isa = PBXBuildFile; fileRef = 72D55EEB27D64E5C001BBA9F /* Constant.swift */; };
		72D55EEE27D66746001BBA9F /* String+Extension.swift in Sources */ = {isa = PBXBuildFile; fileRef = 72D55EED27D66746001BBA9F /* String+Extension.swift */; };
		7A46CE5A74425C8E639304A4 /* Pods_List_Post.framework in Frameworks */ = {isa = PBXBuildFile; fileRef = 5753E786598CF22376CBE3F1 /* Pods_List_Post.framework */; };
		A14C362FBDFE898C850CDCA5 /* Pods_List_PostTests.framework in Frameworks */ = {isa = PBXBuildFile; fileRef = FE6C0FC7CCE81EDAE0D779CF /* Pods_List_PostTests.framework */; };
		A5CF3D295DE49D3ABF7EAB13 /* Pods_List_Post_List_PostUITests.framework in Frameworks */ = {isa = PBXBuildFile; fileRef = BD6ABF9218FFC64A58805948 /* Pods_List_Post_List_PostUITests.framework */; };
/* End PBXBuildFile section */

/* Begin PBXContainerItemProxy section */
		72D55ECE27D647DE001BBA9F /* PBXContainerItemProxy */ = {
			isa = PBXContainerItemProxy;
			containerPortal = 72D55EAF27D647DB001BBA9F /* Project object */;
			proxyType = 1;
			remoteGlobalIDString = 72D55EB627D647DB001BBA9F;
			remoteInfo = "List Post";
		};
		72D55ED827D647DE001BBA9F /* PBXContainerItemProxy */ = {
			isa = PBXContainerItemProxy;
			containerPortal = 72D55EAF27D647DB001BBA9F /* Project object */;
			proxyType = 1;
			remoteGlobalIDString = 72D55EB627D647DB001BBA9F;
			remoteInfo = "List Post";
		};
/* End PBXContainerItemProxy section */

/* Begin PBXFileReference section */
		1A7385F700FE5047F95433E9 /* Pods-List Post.debug.xcconfig */ = {isa = PBXFileReference; includeInIndex = 1; lastKnownFileType = text.xcconfig; name = "Pods-List Post.debug.xcconfig"; path = "Target Support Files/Pods-List Post/Pods-List Post.debug.xcconfig"; sourceTree = "<group>"; };
		5753E786598CF22376CBE3F1 /* Pods_List_Post.framework */ = {isa = PBXFileReference; explicitFileType = wrapper.framework; includeInIndex = 0; path = Pods_List_Post.framework; sourceTree = BUILT_PRODUCTS_DIR; };
		72C7E73127D86DB90037A2BC /* NetworkResult.swift */ = {isa = PBXFileReference; fileEncoding = 4; lastKnownFileType = sourcecode.swift; path = NetworkResult.swift; sourceTree = "<group>"; };
		72C7E73427D870580037A2BC /* User.swift */ = {isa = PBXFileReference; lastKnownFileType = sourcecode.swift; path = User.swift; sourceTree = "<group>"; };
		72C7E73627D871C20037A2BC /* Post.swift */ = {isa = PBXFileReference; lastKnownFileType = sourcecode.swift; path = Post.swift; sourceTree = "<group>"; };
		72C7E73B27D8AAEB0037A2BC /* UserNetworkProvider.swift */ = {isa = PBXFileReference; lastKnownFileType = sourcecode.swift; path = UserNetworkProvider.swift; sourceTree = "<group>"; };
		72C7E73D27D8ABDE0037A2BC /* UserDataSource.swift */ = {isa = PBXFileReference; lastKnownFileType = sourcecode.swift; path = UserDataSource.swift; sourceTree = "<group>"; };
		72C7E74027D8AF200037A2BC /* PostNetworkProfider.swift */ = {isa = PBXFileReference; lastKnownFileType = sourcecode.swift; path = PostNetworkProfider.swift; sourceTree = "<group>"; };
		72C7E74227D8AF4F0037A2BC /* PostDataSource.swift */ = {isa = PBXFileReference; lastKnownFileType = sourcecode.swift; path = PostDataSource.swift; sourceTree = "<group>"; };
		72C7E74627D8B6A00037A2BC /* ListPostVMGuideline.swift */ = {isa = PBXFileReference; lastKnownFileType = sourcecode.swift; path = ListPostVMGuideline.swift; sourceTree = "<group>"; };
		72C7E74827D8B8480037A2BC /* ListPostViewModel.swift */ = {isa = PBXFileReference; lastKnownFileType = sourcecode.swift; path = ListPostViewModel.swift; sourceTree = "<group>"; };
		72C7E74A27D8C6360037A2BC /* ListPostUT.swift */ = {isa = PBXFileReference; lastKnownFileType = sourcecode.swift; path = ListPostUT.swift; sourceTree = "<group>"; };
		72C7E74D27D8D5AC0037A2BC /* posts.json */ = {isa = PBXFileReference; fileEncoding = 4; lastKnownFileType = text.json; path = posts.json; sourceTree = "<group>"; };
		72C7E74F27D8D60D0037A2BC /* users.json */ = {isa = PBXFileReference; fileEncoding = 4; lastKnownFileType = text.json; path = users.json; sourceTree = "<group>"; };
		72C7E75127D8D6540037A2BC /* DataMockup.swift */ = {isa = PBXFileReference; lastKnownFileType = sourcecode.swift; path = DataMockup.swift; sourceTree = "<group>"; };
		72C7E75427D8F1120037A2BC /* Comment.swift */ = {isa = PBXFileReference; lastKnownFileType = sourcecode.swift; path = Comment.swift; sourceTree = "<group>"; };
		72C7E75627D8F3580037A2BC /* CommentNetworkProvider.swift */ = {isa = PBXFileReference; lastKnownFileType = sourcecode.swift; path = CommentNetworkProvider.swift; sourceTree = "<group>"; };
		72C7E75827D8F39E0037A2BC /* CommentDataSource.swift */ = {isa = PBXFileReference; lastKnownFileType = sourcecode.swift; path = CommentDataSource.swift; sourceTree = "<group>"; };
		72C7E75A27D8F6310037A2BC /* comments.json */ = {isa = PBXFileReference; fileEncoding = 4; lastKnownFileType = text.json; path = comments.json; sourceTree = "<group>"; };
		72C7E75C27D8F7CF0037A2BC /* ListCommentUT.swift */ = {isa = PBXFileReference; lastKnownFileType = sourcecode.swift; path = ListCommentUT.swift; sourceTree = "<group>"; };
		72C7E75F27D8F96E0037A2BC /* ListCommentVMGuideline.swift */ = {isa = PBXFileReference; lastKnownFileType = sourcecode.swift; path = ListCommentVMGuideline.swift; sourceTree = "<group>"; };
		72C7E76127D8F9F30037A2BC /* ListCommentViewModel.swift */ = {isa = PBXFileReference; lastKnownFileType = sourcecode.swift; path = ListCommentViewModel.swift; sourceTree = "<group>"; };
		72C7E76827D912410037A2BC /* Album.swift */ = {isa = PBXFileReference; lastKnownFileType = sourcecode.swift; path = Album.swift; sourceTree = "<group>"; };
		72C7E76A27D9140A0037A2BC /* Photo.swift */ = {isa = PBXFileReference; lastKnownFileType = sourcecode.swift; path = Photo.swift; sourceTree = "<group>"; };
		72C7E76E27D915E00037A2BC /* AlbumNetworkProvider.swift */ = {isa = PBXFileReference; lastKnownFileType = sourcecode.swift; path = AlbumNetworkProvider.swift; sourceTree = "<group>"; };
		72C7E77027D915F30037A2BC /* AlbumDataSource.swift */ = {isa = PBXFileReference; lastKnownFileType = sourcecode.swift; path = AlbumDataSource.swift; sourceTree = "<group>"; };
		72C7E77227D91A760037A2BC /* PhotoNetworkProvider.swift */ = {isa = PBXFileReference; lastKnownFileType = sourcecode.swift; path = PhotoNetworkProvider.swift; sourceTree = "<group>"; };
		72C7E77427D91AFF0037A2BC /* PhotoDataSource.swift */ = {isa = PBXFileReference; lastKnownFileType = sourcecode.swift; path = PhotoDataSource.swift; sourceTree = "<group>"; };
		72C7E77827D91E0A0037A2BC /* ListAlbumsVMGuideline.swift */ = {isa = PBXFileReference; lastKnownFileType = sourcecode.swift; path = ListAlbumsVMGuideline.swift; sourceTree = "<group>"; };
		72C7E77A27D91E6F0037A2BC /* ListPhotosVMGuideline.swift */ = {isa = PBXFileReference; lastKnownFileType = sourcecode.swift; path = ListPhotosVMGuideline.swift; sourceTree = "<group>"; };
		72C7E77C27D91ECB0037A2BC /* ListAlbumsViewModel.swift */ = {isa = PBXFileReference; lastKnownFileType = sourcecode.swift; path = ListAlbumsViewModel.swift; sourceTree = "<group>"; };
		72C7E77E27D9244F0037A2BC /* ListPhotosViewModel.swift */ = {isa = PBXFileReference; lastKnownFileType = sourcecode.swift; path = ListPhotosViewModel.swift; sourceTree = "<group>"; };
		72D55EB727D647DB001BBA9F /* List Post.app */ = {isa = PBXFileReference; explicitFileType = wrapper.application; includeInIndex = 0; path = "List Post.app"; sourceTree = BUILT_PRODUCTS_DIR; };
		72D55EBA27D647DB001BBA9F /* AppDelegate.swift */ = {isa = PBXFileReference; lastKnownFileType = sourcecode.swift; path = AppDelegate.swift; sourceTree = "<group>"; };
		72D55EBE27D647DB001BBA9F /* ViewController.swift */ = {isa = PBXFileReference; lastKnownFileType = sourcecode.swift; path = ViewController.swift; sourceTree = "<group>"; };
		72D55EC127D647DB001BBA9F /* Base */ = {isa = PBXFileReference; lastKnownFileType = file.storyboard; name = Base; path = Base.lproj/Main.storyboard; sourceTree = "<group>"; };
		72D55EC327D647DD001BBA9F /* Assets.xcassets */ = {isa = PBXFileReference; lastKnownFileType = folder.assetcatalog; path = Assets.xcassets; sourceTree = "<group>"; };
		72D55EC627D647DD001BBA9F /* Base */ = {isa = PBXFileReference; lastKnownFileType = file.storyboard; name = Base; path = Base.lproj/LaunchScreen.storyboard; sourceTree = "<group>"; };
		72D55EC827D647DD001BBA9F /* Info.plist */ = {isa = PBXFileReference; lastKnownFileType = text.plist.xml; path = Info.plist; sourceTree = "<group>"; };
		72D55ECD27D647DE001BBA9F /* List PostTests.xctest */ = {isa = PBXFileReference; explicitFileType = wrapper.cfbundle; includeInIndex = 0; path = "List PostTests.xctest"; sourceTree = BUILT_PRODUCTS_DIR; };
		72D55ED127D647DE001BBA9F /* List_PostTests.swift */ = {isa = PBXFileReference; lastKnownFileType = sourcecode.swift; path = List_PostTests.swift; sourceTree = "<group>"; };
		72D55ED727D647DE001BBA9F /* List PostUITests.xctest */ = {isa = PBXFileReference; explicitFileType = wrapper.cfbundle; includeInIndex = 0; path = "List PostUITests.xctest"; sourceTree = BUILT_PRODUCTS_DIR; };
		72D55EDB27D647DE001BBA9F /* List_PostUITests.swift */ = {isa = PBXFileReference; lastKnownFileType = sourcecode.swift; path = List_PostUITests.swift; sourceTree = "<group>"; };
		72D55EDD27D647DE001BBA9F /* List_PostUITestsLaunchTests.swift */ = {isa = PBXFileReference; lastKnownFileType = sourcecode.swift; path = List_PostUITestsLaunchTests.swift; sourceTree = "<group>"; };
		72D55EEB27D64E5C001BBA9F /* Constant.swift */ = {isa = PBXFileReference; lastKnownFileType = sourcecode.swift; path = Constant.swift; sourceTree = "<group>"; };
		72D55EED27D66746001BBA9F /* String+Extension.swift */ = {isa = PBXFileReference; lastKnownFileType = sourcecode.swift; path = "String+Extension.swift"; sourceTree = "<group>"; };
		74F3E56541CD744D03572C78 /* Pods-List PostTests.debug.xcconfig */ = {isa = PBXFileReference; includeInIndex = 1; lastKnownFileType = text.xcconfig; name = "Pods-List PostTests.debug.xcconfig"; path = "Target Support Files/Pods-List PostTests/Pods-List PostTests.debug.xcconfig"; sourceTree = "<group>"; };
		9F87E89D063E538F7E4D5D24 /* Pods-List Post-List PostUITests.release.xcconfig */ = {isa = PBXFileReference; includeInIndex = 1; lastKnownFileType = text.xcconfig; name = "Pods-List Post-List PostUITests.release.xcconfig"; path = "Target Support Files/Pods-List Post-List PostUITests/Pods-List Post-List PostUITests.release.xcconfig"; sourceTree = "<group>"; };
		BD6ABF9218FFC64A58805948 /* Pods_List_Post_List_PostUITests.framework */ = {isa = PBXFileReference; explicitFileType = wrapper.framework; includeInIndex = 0; path = Pods_List_Post_List_PostUITests.framework; sourceTree = BUILT_PRODUCTS_DIR; };
		BE1C8C9F090DA2FE1C0805A9 /* Pods-List PostTests.release.xcconfig */ = {isa = PBXFileReference; includeInIndex = 1; lastKnownFileType = text.xcconfig; name = "Pods-List PostTests.release.xcconfig"; path = "Target Support Files/Pods-List PostTests/Pods-List PostTests.release.xcconfig"; sourceTree = "<group>"; };
		E29E57BCE60806D7BE4312E8 /* Pods-List Post.release.xcconfig */ = {isa = PBXFileReference; includeInIndex = 1; lastKnownFileType = text.xcconfig; name = "Pods-List Post.release.xcconfig"; path = "Target Support Files/Pods-List Post/Pods-List Post.release.xcconfig"; sourceTree = "<group>"; };
		E7FA3495C20BB6683C34EFD0 /* Pods-List Post-List PostUITests.debug.xcconfig */ = {isa = PBXFileReference; includeInIndex = 1; lastKnownFileType = text.xcconfig; name = "Pods-List Post-List PostUITests.debug.xcconfig"; path = "Target Support Files/Pods-List Post-List PostUITests/Pods-List Post-List PostUITests.debug.xcconfig"; sourceTree = "<group>"; };
		FE6C0FC7CCE81EDAE0D779CF /* Pods_List_PostTests.framework */ = {isa = PBXFileReference; explicitFileType = wrapper.framework; includeInIndex = 0; path = Pods_List_PostTests.framework; sourceTree = BUILT_PRODUCTS_DIR; };
/* End PBXFileReference section */

/* Begin PBXFrameworksBuildPhase section */
		72D55EB427D647DB001BBA9F /* Frameworks */ = {
			isa = PBXFrameworksBuildPhase;
			buildActionMask = 2147483647;
			files = (
				7A46CE5A74425C8E639304A4 /* Pods_List_Post.framework in Frameworks */,
			);
			runOnlyForDeploymentPostprocessing = 0;
		};
		72D55ECA27D647DE001BBA9F /* Frameworks */ = {
			isa = PBXFrameworksBuildPhase;
			buildActionMask = 2147483647;
			files = (
				A14C362FBDFE898C850CDCA5 /* Pods_List_PostTests.framework in Frameworks */,
			);
			runOnlyForDeploymentPostprocessing = 0;
		};
		72D55ED427D647DE001BBA9F /* Frameworks */ = {
			isa = PBXFrameworksBuildPhase;
			buildActionMask = 2147483647;
			files = (
				A5CF3D295DE49D3ABF7EAB13 /* Pods_List_Post_List_PostUITests.framework in Frameworks */,
			);
			runOnlyForDeploymentPostprocessing = 0;
		};
/* End PBXFrameworksBuildPhase section */

/* Begin PBXGroup section */
		62D86A52954FD7407B757D9F /* Pods */ = {
			isa = PBXGroup;
			children = (
				1A7385F700FE5047F95433E9 /* Pods-List Post.debug.xcconfig */,
				E29E57BCE60806D7BE4312E8 /* Pods-List Post.release.xcconfig */,
				E7FA3495C20BB6683C34EFD0 /* Pods-List Post-List PostUITests.debug.xcconfig */,
				9F87E89D063E538F7E4D5D24 /* Pods-List Post-List PostUITests.release.xcconfig */,
				74F3E56541CD744D03572C78 /* Pods-List PostTests.debug.xcconfig */,
				BE1C8C9F090DA2FE1C0805A9 /* Pods-List PostTests.release.xcconfig */,
			);
			path = Pods;
			sourceTree = "<group>";
		};
		72C7E72F27D866B20037A2BC /* Extension */ = {
			isa = PBXGroup;
			children = (
				72D55EED27D66746001BBA9F /* String+Extension.swift */,
			);
			path = Extension;
			sourceTree = "<group>";
		};
		72C7E73027D86DA80037A2BC /* Helper */ = {
			isa = PBXGroup;
			children = (
				72C7E73127D86DB90037A2BC /* NetworkResult.swift */,
			);
			path = Helper;
			sourceTree = "<group>";
		};
		72C7E73327D870210037A2BC /* Model */ = {
			isa = PBXGroup;
			children = (
				72C7E73427D870580037A2BC /* User.swift */,
				72C7E73627D871C20037A2BC /* Post.swift */,
				72C7E75427D8F1120037A2BC /* Comment.swift */,
				72C7E76827D912410037A2BC /* Album.swift */,
				72C7E76A27D9140A0037A2BC /* Photo.swift */,
			);
			path = Model;
			sourceTree = "<group>";
		};
		72C7E73827D8A9BD0037A2BC /* Controller */ = {
			isa = PBXGroup;
			children = (
				72C7E74427D8B5990037A2BC /* ViewModel */,
				72C7E73927D8A9CE0037A2BC /* DataSource */,
			);
			path = Controller;
			sourceTree = "<group>";
		};
		72C7E73927D8A9CE0037A2BC /* DataSource */ = {
			isa = PBXGroup;
			children = (
				72C7E76D27D915720037A2BC /* Photos */,
				72C7E76C27D915680037A2BC /* Albums */,
				72C7E75327D8F0F80037A2BC /* Comments */,
				72C7E73F27D8AEAB0037A2BC /* Post */,
				72C7E73A27D8AA700037A2BC /* User */,
			);
			path = DataSource;
			sourceTree = "<group>";
		};
		72C7E73A27D8AA700037A2BC /* User */ = {
			isa = PBXGroup;
			children = (
				72C7E73B27D8AAEB0037A2BC /* UserNetworkProvider.swift */,
				72C7E73D27D8ABDE0037A2BC /* UserDataSource.swift */,
			);
			path = User;
			sourceTree = "<group>";
		};
		72C7E73F27D8AEAB0037A2BC /* Post */ = {
			isa = PBXGroup;
			children = (
				72C7E74027D8AF200037A2BC /* PostNetworkProfider.swift */,
				72C7E74227D8AF4F0037A2BC /* PostDataSource.swift */,
			);
			path = Post;
			sourceTree = "<group>";
		};
		72C7E74427D8B5990037A2BC /* ViewModel */ = {
			isa = PBXGroup;
			children = (
				72C7E77727D91DC00037A2BC /* ListPhotosViewController */,
				72C7E77627D91D930037A2BC /* ListAlbumsViewController */,
				72C7E75E27D8F9280037A2BC /* ListCommentViewModel */,
				72C7E74527D8B5DC0037A2BC /* ListPostViewModel */,
			);
			path = ViewModel;
			sourceTree = "<group>";
		};
		72C7E74527D8B5DC0037A2BC /* ListPostViewModel */ = {
			isa = PBXGroup;
			children = (
				72C7E74627D8B6A00037A2BC /* ListPostVMGuideline.swift */,
				72C7E74827D8B8480037A2BC /* ListPostViewModel.swift */,
			);
			path = ListPostViewModel;
			sourceTree = "<group>";
		};
		72C7E74C27D8D5960037A2BC /* SupportingFile */ = {
			isa = PBXGroup;
			children = (
				72C7E75A27D8F6310037A2BC /* comments.json */,
				72C7E74F27D8D60D0037A2BC /* users.json */,
				72C7E74D27D8D5AC0037A2BC /* posts.json */,
			);
			path = SupportingFile;
			sourceTree = "<group>";
		};
		72C7E75327D8F0F80037A2BC /* Comments */ = {
			isa = PBXGroup;
			children = (
				72C7E75627D8F3580037A2BC /* CommentNetworkProvider.swift */,
				72C7E75827D8F39E0037A2BC /* CommentDataSource.swift */,
			);
			path = Comments;
			sourceTree = "<group>";
		};
		72C7E75E27D8F9280037A2BC /* ListCommentViewModel */ = {
			isa = PBXGroup;
			children = (
				72C7E75F27D8F96E0037A2BC /* ListCommentVMGuideline.swift */,
				72C7E76127D8F9F30037A2BC /* ListCommentViewModel.swift */,
			);
			path = ListCommentViewModel;
			sourceTree = "<group>";
		};
		72C7E76C27D915680037A2BC /* Albums */ = {
			isa = PBXGroup;
			children = (
				72C7E76E27D915E00037A2BC /* AlbumNetworkProvider.swift */,
				72C7E77027D915F30037A2BC /* AlbumDataSource.swift */,
			);
			path = Albums;
			sourceTree = "<group>";
		};
		72C7E76D27D915720037A2BC /* Photos */ = {
			isa = PBXGroup;
			children = (
				72C7E77227D91A760037A2BC /* PhotoNetworkProvider.swift */,
				72C7E77427D91AFF0037A2BC /* PhotoDataSource.swift */,
			);
			path = Photos;
			sourceTree = "<group>";
		};
		72C7E77627D91D930037A2BC /* ListAlbumsViewController */ = {
			isa = PBXGroup;
			children = (
				72C7E77827D91E0A0037A2BC /* ListAlbumsVMGuideline.swift */,
				72C7E77C27D91ECB0037A2BC /* ListAlbumsViewModel.swift */,
			);
			path = ListAlbumsViewController;
			sourceTree = "<group>";
		};
		72C7E77727D91DC00037A2BC /* ListPhotosViewController */ = {
			isa = PBXGroup;
			children = (
				72C7E77A27D91E6F0037A2BC /* ListPhotosVMGuideline.swift */,
				72C7E77E27D9244F0037A2BC /* ListPhotosViewModel.swift */,
			);
			path = ListPhotosViewController;
			sourceTree = "<group>";
		};
		72D55EAE27D647DB001BBA9F = {
			isa = PBXGroup;
			children = (
				72D55EB927D647DB001BBA9F /* List Post */,
				72D55ED027D647DE001BBA9F /* List PostTests */,
				72D55EDA27D647DE001BBA9F /* List PostUITests */,
				72D55EB827D647DB001BBA9F /* Products */,
				62D86A52954FD7407B757D9F /* Pods */,
				77B6C212166CAE5DEDF0F6F6 /* Frameworks */,
			);
			sourceTree = "<group>";
		};
		72D55EB827D647DB001BBA9F /* Products */ = {
			isa = PBXGroup;
			children = (
				72D55EB727D647DB001BBA9F /* List Post.app */,
				72D55ECD27D647DE001BBA9F /* List PostTests.xctest */,
				72D55ED727D647DE001BBA9F /* List PostUITests.xctest */,
			);
			name = Products;
			sourceTree = "<group>";
		};
		72D55EB927D647DB001BBA9F /* List Post */ = {
			isa = PBXGroup;
			children = (
				72C7E73827D8A9BD0037A2BC /* Controller */,
				72C7E73327D870210037A2BC /* Model */,
				72D55EEA27D64E47001BBA9F /* Config */,
				72D55EBA27D647DB001BBA9F /* AppDelegate.swift */,
				72D55EBE27D647DB001BBA9F /* ViewController.swift */,
				72D55EC027D647DB001BBA9F /* Main.storyboard */,
				72D55EC327D647DD001BBA9F /* Assets.xcassets */,
				72D55EC527D647DD001BBA9F /* LaunchScreen.storyboard */,
				72D55EC827D647DD001BBA9F /* Info.plist */,
			);
			path = "List Post";
			sourceTree = "<group>";
		};
		72D55ED027D647DE001BBA9F /* List PostTests */ = {
			isa = PBXGroup;
			children = (
				72C7E74C27D8D5960037A2BC /* SupportingFile */,
				72D55ED127D647DE001BBA9F /* List_PostTests.swift */,
				72C7E74A27D8C6360037A2BC /* ListPostUT.swift */,
				72C7E75127D8D6540037A2BC /* DataMockup.swift */,
				72C7E75C27D8F7CF0037A2BC /* ListCommentUT.swift */,
			);
			path = "List PostTests";
			sourceTree = "<group>";
		};
		72D55EDA27D647DE001BBA9F /* List PostUITests */ = {
			isa = PBXGroup;
			children = (
				72D55EDB27D647DE001BBA9F /* List_PostUITests.swift */,
				72D55EDD27D647DE001BBA9F /* List_PostUITestsLaunchTests.swift */,
			);
			path = "List PostUITests";
			sourceTree = "<group>";
		};
		72D55EEA27D64E47001BBA9F /* Config */ = {
			isa = PBXGroup;
			children = (
				72C7E73027D86DA80037A2BC /* Helper */,
				72C7E72F27D866B20037A2BC /* Extension */,
				72D55EEB27D64E5C001BBA9F /* Constant.swift */,
			);
			path = Config;
			sourceTree = "<group>";
		};
		77B6C212166CAE5DEDF0F6F6 /* Frameworks */ = {
			isa = PBXGroup;
			children = (
				5753E786598CF22376CBE3F1 /* Pods_List_Post.framework */,
				BD6ABF9218FFC64A58805948 /* Pods_List_Post_List_PostUITests.framework */,
				FE6C0FC7CCE81EDAE0D779CF /* Pods_List_PostTests.framework */,
			);
			name = Frameworks;
			sourceTree = "<group>";
		};
/* End PBXGroup section */

/* Begin PBXNativeTarget section */
		72D55EB627D647DB001BBA9F /* List Post */ = {
			isa = PBXNativeTarget;
			buildConfigurationList = 72D55EE127D647DE001BBA9F /* Build configuration list for PBXNativeTarget "List Post" */;
			buildPhases = (
				3B3E4958DC6117D061ACDD16 /* [CP] Check Pods Manifest.lock */,
				72D55EB327D647DB001BBA9F /* Sources */,
				72D55EB427D647DB001BBA9F /* Frameworks */,
				72D55EB527D647DB001BBA9F /* Resources */,
				212C57AA6EEB60DD796BFD54 /* [CP] Embed Pods Frameworks */,
			);
			buildRules = (
			);
			dependencies = (
			);
			name = "List Post";
			productName = "List Post";
			productReference = 72D55EB727D647DB001BBA9F /* List Post.app */;
			productType = "com.apple.product-type.application";
		};
		72D55ECC27D647DE001BBA9F /* List PostTests */ = {
			isa = PBXNativeTarget;
			buildConfigurationList = 72D55EE427D647DE001BBA9F /* Build configuration list for PBXNativeTarget "List PostTests" */;
			buildPhases = (
				DEDC51C5CE83B3BC0F86AD97 /* [CP] Check Pods Manifest.lock */,
				72D55EC927D647DE001BBA9F /* Sources */,
				72D55ECA27D647DE001BBA9F /* Frameworks */,
				72D55ECB27D647DE001BBA9F /* Resources */,
			);
			buildRules = (
			);
			dependencies = (
				72D55ECF27D647DE001BBA9F /* PBXTargetDependency */,
			);
			name = "List PostTests";
			productName = "List PostTests";
			productReference = 72D55ECD27D647DE001BBA9F /* List PostTests.xctest */;
			productType = "com.apple.product-type.bundle.unit-test";
		};
		72D55ED627D647DE001BBA9F /* List PostUITests */ = {
			isa = PBXNativeTarget;
			buildConfigurationList = 72D55EE727D647DE001BBA9F /* Build configuration list for PBXNativeTarget "List PostUITests" */;
			buildPhases = (
				75C0974FD9A4C4AB6634B01A /* [CP] Check Pods Manifest.lock */,
				72D55ED327D647DE001BBA9F /* Sources */,
				72D55ED427D647DE001BBA9F /* Frameworks */,
				72D55ED527D647DE001BBA9F /* Resources */,
				C5584EC5DA94532DD4CB83EA /* [CP] Embed Pods Frameworks */,
			);
			buildRules = (
			);
			dependencies = (
				72D55ED927D647DE001BBA9F /* PBXTargetDependency */,
			);
			name = "List PostUITests";
			productName = "List PostUITests";
			productReference = 72D55ED727D647DE001BBA9F /* List PostUITests.xctest */;
			productType = "com.apple.product-type.bundle.ui-testing";
		};
/* End PBXNativeTarget section */

/* Begin PBXProject section */
		72D55EAF27D647DB001BBA9F /* Project object */ = {
			isa = PBXProject;
			attributes = {
				BuildIndependentTargetsInParallel = 1;
				LastSwiftUpdateCheck = 1300;
				LastUpgradeCheck = 1300;
				TargetAttributes = {
					72D55EB627D647DB001BBA9F = {
						CreatedOnToolsVersion = 13.0;
					};
					72D55ECC27D647DE001BBA9F = {
						CreatedOnToolsVersion = 13.0;
						TestTargetID = 72D55EB627D647DB001BBA9F;
					};
					72D55ED627D647DE001BBA9F = {
						CreatedOnToolsVersion = 13.0;
						TestTargetID = 72D55EB627D647DB001BBA9F;
					};
				};
			};
			buildConfigurationList = 72D55EB227D647DB001BBA9F /* Build configuration list for PBXProject "List Post" */;
			compatibilityVersion = "Xcode 13.0";
			developmentRegion = en;
			hasScannedForEncodings = 0;
			knownRegions = (
				en,
				Base,
			);
			mainGroup = 72D55EAE27D647DB001BBA9F;
			productRefGroup = 72D55EB827D647DB001BBA9F /* Products */;
			projectDirPath = "";
			projectRoot = "";
			targets = (
				72D55EB627D647DB001BBA9F /* List Post */,
				72D55ECC27D647DE001BBA9F /* List PostTests */,
				72D55ED627D647DE001BBA9F /* List PostUITests */,
			);
		};
/* End PBXProject section */

/* Begin PBXResourcesBuildPhase section */
		72D55EB527D647DB001BBA9F /* Resources */ = {
			isa = PBXResourcesBuildPhase;
			buildActionMask = 2147483647;
			files = (
				72C7E76527D9049E0037A2BC /* comments.json in Resources */,
				72D55EC727D647DD001BBA9F /* LaunchScreen.storyboard in Resources */,
				72D55EC427D647DD001BBA9F /* Assets.xcassets in Resources */,
				72D55EC227D647DB001BBA9F /* Main.storyboard in Resources */,
				72C7E75027D8D60D0037A2BC /* users.json in Resources */,
				72C7E74E27D8D5AC0037A2BC /* posts.json in Resources */,
			);
			runOnlyForDeploymentPostprocessing = 0;
		};
		72D55ECB27D647DE001BBA9F /* Resources */ = {
			isa = PBXResourcesBuildPhase;
			buildActionMask = 2147483647;
			files = (
				72C7E76627D904AE0037A2BC /* users.json in Resources */,
				72C7E76727D904AE0037A2BC /* posts.json in Resources */,
				72C7E75B27D8F6310037A2BC /* comments.json in Resources */,
			);
			runOnlyForDeploymentPostprocessing = 0;
		};
		72D55ED527D647DE001BBA9F /* Resources */ = {
			isa = PBXResourcesBuildPhase;
			buildActionMask = 2147483647;
			files = (
			);
			runOnlyForDeploymentPostprocessing = 0;
		};
/* End PBXResourcesBuildPhase section */

/* Begin PBXShellScriptBuildPhase section */
		212C57AA6EEB60DD796BFD54 /* [CP] Embed Pods Frameworks */ = {
			isa = PBXShellScriptBuildPhase;
			buildActionMask = 2147483647;
			files = (
			);
			inputFileListPaths = (
				"${PODS_ROOT}/Target Support Files/Pods-List Post/Pods-List Post-frameworks-${CONFIGURATION}-input-files.xcfilelist",
			);
			name = "[CP] Embed Pods Frameworks";
			outputFileListPaths = (
				"${PODS_ROOT}/Target Support Files/Pods-List Post/Pods-List Post-frameworks-${CONFIGURATION}-output-files.xcfilelist",
			);
			runOnlyForDeploymentPostprocessing = 0;
			shellPath = /bin/sh;
			shellScript = "\"${PODS_ROOT}/Target Support Files/Pods-List Post/Pods-List Post-frameworks.sh\"\n";
			showEnvVarsInLog = 0;
		};
		3B3E4958DC6117D061ACDD16 /* [CP] Check Pods Manifest.lock */ = {
			isa = PBXShellScriptBuildPhase;
			buildActionMask = 2147483647;
			files = (
			);
			inputFileListPaths = (
			);
			inputPaths = (
				"${PODS_PODFILE_DIR_PATH}/Podfile.lock",
				"${PODS_ROOT}/Manifest.lock",
			);
			name = "[CP] Check Pods Manifest.lock";
			outputFileListPaths = (
			);
			outputPaths = (
				"$(DERIVED_FILE_DIR)/Pods-List Post-checkManifestLockResult.txt",
			);
			runOnlyForDeploymentPostprocessing = 0;
			shellPath = /bin/sh;
			shellScript = "diff \"${PODS_PODFILE_DIR_PATH}/Podfile.lock\" \"${PODS_ROOT}/Manifest.lock\" > /dev/null\nif [ $? != 0 ] ; then\n    # print error to STDERR\n    echo \"error: The sandbox is not in sync with the Podfile.lock. Run 'pod install' or update your CocoaPods installation.\" >&2\n    exit 1\nfi\n# This output is used by Xcode 'outputs' to avoid re-running this script phase.\necho \"SUCCESS\" > \"${SCRIPT_OUTPUT_FILE_0}\"\n";
			showEnvVarsInLog = 0;
		};
		75C0974FD9A4C4AB6634B01A /* [CP] Check Pods Manifest.lock */ = {
			isa = PBXShellScriptBuildPhase;
			buildActionMask = 2147483647;
			files = (
			);
			inputFileListPaths = (
			);
			inputPaths = (
				"${PODS_PODFILE_DIR_PATH}/Podfile.lock",
				"${PODS_ROOT}/Manifest.lock",
			);
			name = "[CP] Check Pods Manifest.lock";
			outputFileListPaths = (
			);
			outputPaths = (
				"$(DERIVED_FILE_DIR)/Pods-List Post-List PostUITests-checkManifestLockResult.txt",
			);
			runOnlyForDeploymentPostprocessing = 0;
			shellPath = /bin/sh;
			shellScript = "diff \"${PODS_PODFILE_DIR_PATH}/Podfile.lock\" \"${PODS_ROOT}/Manifest.lock\" > /dev/null\nif [ $? != 0 ] ; then\n    # print error to STDERR\n    echo \"error: The sandbox is not in sync with the Podfile.lock. Run 'pod install' or update your CocoaPods installation.\" >&2\n    exit 1\nfi\n# This output is used by Xcode 'outputs' to avoid re-running this script phase.\necho \"SUCCESS\" > \"${SCRIPT_OUTPUT_FILE_0}\"\n";
			showEnvVarsInLog = 0;
		};
		C5584EC5DA94532DD4CB83EA /* [CP] Embed Pods Frameworks */ = {
			isa = PBXShellScriptBuildPhase;
			buildActionMask = 2147483647;
			files = (
			);
			inputFileListPaths = (
				"${PODS_ROOT}/Target Support Files/Pods-List Post-List PostUITests/Pods-List Post-List PostUITests-frameworks-${CONFIGURATION}-input-files.xcfilelist",
			);
			name = "[CP] Embed Pods Frameworks";
			outputFileListPaths = (
				"${PODS_ROOT}/Target Support Files/Pods-List Post-List PostUITests/Pods-List Post-List PostUITests-frameworks-${CONFIGURATION}-output-files.xcfilelist",
			);
			runOnlyForDeploymentPostprocessing = 0;
			shellPath = /bin/sh;
			shellScript = "\"${PODS_ROOT}/Target Support Files/Pods-List Post-List PostUITests/Pods-List Post-List PostUITests-frameworks.sh\"\n";
			showEnvVarsInLog = 0;
		};
		DEDC51C5CE83B3BC0F86AD97 /* [CP] Check Pods Manifest.lock */ = {
			isa = PBXShellScriptBuildPhase;
			buildActionMask = 2147483647;
			files = (
			);
			inputFileListPaths = (
			);
			inputPaths = (
				"${PODS_PODFILE_DIR_PATH}/Podfile.lock",
				"${PODS_ROOT}/Manifest.lock",
			);
			name = "[CP] Check Pods Manifest.lock";
			outputFileListPaths = (
			);
			outputPaths = (
				"$(DERIVED_FILE_DIR)/Pods-List PostTests-checkManifestLockResult.txt",
			);
			runOnlyForDeploymentPostprocessing = 0;
			shellPath = /bin/sh;
			shellScript = "diff \"${PODS_PODFILE_DIR_PATH}/Podfile.lock\" \"${PODS_ROOT}/Manifest.lock\" > /dev/null\nif [ $? != 0 ] ; then\n    # print error to STDERR\n    echo \"error: The sandbox is not in sync with the Podfile.lock. Run 'pod install' or update your CocoaPods installation.\" >&2\n    exit 1\nfi\n# This output is used by Xcode 'outputs' to avoid re-running this script phase.\necho \"SUCCESS\" > \"${SCRIPT_OUTPUT_FILE_0}\"\n";
			showEnvVarsInLog = 0;
		};
/* End PBXShellScriptBuildPhase section */

/* Begin PBXSourcesBuildPhase section */
		72D55EB327D647DB001BBA9F /* Sources */ = {
			isa = PBXSourcesBuildPhase;
			buildActionMask = 2147483647;
			files = (
				72C7E75927D8F39E0037A2BC /* CommentDataSource.swift in Sources */,
				72C7E76927D912410037A2BC /* Album.swift in Sources */,
				72C7E73C27D8AAEB0037A2BC /* UserNetworkProvider.swift in Sources */,
				72D55EEE27D66746001BBA9F /* String+Extension.swift in Sources */,
				72C7E77B27D91E6F0037A2BC /* ListPhotosVMGuideline.swift in Sources */,
				72C7E73E27D8ABDE0037A2BC /* UserDataSource.swift in Sources */,
				72C7E75527D8F1120037A2BC /* Comment.swift in Sources */,
				72C7E76027D8F96E0037A2BC /* ListCommentVMGuideline.swift in Sources */,
				72C7E74727D8B6A00037A2BC /* ListPostVMGuideline.swift in Sources */,
				72C7E76B27D9140A0037A2BC /* Photo.swift in Sources */,
				72C7E73227D86DB90037A2BC /* NetworkResult.swift in Sources */,
				72C7E74327D8AF4F0037A2BC /* PostDataSource.swift in Sources */,
				72C7E76F27D915E00037A2BC /* AlbumNetworkProvider.swift in Sources */,
				72C7E77F27D9244F0037A2BC /* ListPhotosViewModel.swift in Sources */,
				72C7E77927D91E0A0037A2BC /* ListAlbumsVMGuideline.swift in Sources */,
				72C7E73527D870580037A2BC /* User.swift in Sources */,
				72C7E74127D8AF200037A2BC /* PostNetworkProfider.swift in Sources */,
				72D55EBF27D647DB001BBA9F /* ViewController.swift in Sources */,
				72D55EBB27D647DB001BBA9F /* AppDelegate.swift in Sources */,
				72C7E73727D871C20037A2BC /* Post.swift in Sources */,
				72D55EEC27D64E5C001BBA9F /* Constant.swift in Sources */,
				72C7E77127D915F30037A2BC /* AlbumDataSource.swift in Sources */,
				72C7E77D27D91ECB0037A2BC /* ListAlbumsViewModel.swift in Sources */,
				72C7E75727D8F3580037A2BC /* CommentNetworkProvider.swift in Sources */,
				72C7E76227D8F9F30037A2BC /* ListCommentViewModel.swift in Sources */,
				72C7E77527D91AFF0037A2BC /* PhotoDataSource.swift in Sources */,
				72C7E77327D91A760037A2BC /* PhotoNetworkProvider.swift in Sources */,
				72C7E74927D8B8480037A2BC /* ListPostViewModel.swift in Sources */,
			);
			runOnlyForDeploymentPostprocessing = 0;
		};
		72D55EC927D647DE001BBA9F /* Sources */ = {
			isa = PBXSourcesBuildPhase;
			buildActionMask = 2147483647;
			files = (
				72C7E75227D8D6540037A2BC /* DataMockup.swift in Sources */,
				72C7E74B27D8C6360037A2BC /* ListPostUT.swift in Sources */,
				72C7E75D27D8F7CF0037A2BC /* ListCommentUT.swift in Sources */,
				72D55ED227D647DE001BBA9F /* List_PostTests.swift in Sources */,
			);
			runOnlyForDeploymentPostprocessing = 0;
		};
		72D55ED327D647DE001BBA9F /* Sources */ = {
			isa = PBXSourcesBuildPhase;
			buildActionMask = 2147483647;
			files = (
				72D55EDE27D647DE001BBA9F /* List_PostUITestsLaunchTests.swift in Sources */,
				72D55EDC27D647DE001BBA9F /* List_PostUITests.swift in Sources */,
			);
			runOnlyForDeploymentPostprocessing = 0;
		};
/* End PBXSourcesBuildPhase section */

/* Begin PBXTargetDependency section */
		72D55ECF27D647DE001BBA9F /* PBXTargetDependency */ = {
			isa = PBXTargetDependency;
			target = 72D55EB627D647DB001BBA9F /* List Post */;
			targetProxy = 72D55ECE27D647DE001BBA9F /* PBXContainerItemProxy */;
		};
		72D55ED927D647DE001BBA9F /* PBXTargetDependency */ = {
			isa = PBXTargetDependency;
			target = 72D55EB627D647DB001BBA9F /* List Post */;
			targetProxy = 72D55ED827D647DE001BBA9F /* PBXContainerItemProxy */;
		};
/* End PBXTargetDependency section */

/* Begin PBXVariantGroup section */
		72D55EC027D647DB001BBA9F /* Main.storyboard */ = {
			isa = PBXVariantGroup;
			children = (
				72D55EC127D647DB001BBA9F /* Base */,
			);
			name = Main.storyboard;
			sourceTree = "<group>";
		};
		72D55EC527D647DD001BBA9F /* LaunchScreen.storyboard */ = {
			isa = PBXVariantGroup;
			children = (
				72D55EC627D647DD001BBA9F /* Base */,
			);
			name = LaunchScreen.storyboard;
			sourceTree = "<group>";
		};
/* End PBXVariantGroup section */

/* Begin XCBuildConfiguration section */
		72D55EDF27D647DE001BBA9F /* Debug */ = {
			isa = XCBuildConfiguration;
			buildSettings = {
				ALWAYS_SEARCH_USER_PATHS = NO;
				CLANG_ANALYZER_NONNULL = YES;
				CLANG_ANALYZER_NUMBER_OBJECT_CONVERSION = YES_AGGRESSIVE;
				CLANG_CXX_LANGUAGE_STANDARD = "gnu++17";
				CLANG_CXX_LIBRARY = "libc++";
				CLANG_ENABLE_MODULES = YES;
				CLANG_ENABLE_OBJC_ARC = YES;
				CLANG_ENABLE_OBJC_WEAK = YES;
				CLANG_WARN_BLOCK_CAPTURE_AUTORELEASING = YES;
				CLANG_WARN_BOOL_CONVERSION = YES;
				CLANG_WARN_COMMA = YES;
				CLANG_WARN_CONSTANT_CONVERSION = YES;
				CLANG_WARN_DEPRECATED_OBJC_IMPLEMENTATIONS = YES;
				CLANG_WARN_DIRECT_OBJC_ISA_USAGE = YES_ERROR;
				CLANG_WARN_DOCUMENTATION_COMMENTS = YES;
				CLANG_WARN_EMPTY_BODY = YES;
				CLANG_WARN_ENUM_CONVERSION = YES;
				CLANG_WARN_INFINITE_RECURSION = YES;
				CLANG_WARN_INT_CONVERSION = YES;
				CLANG_WARN_NON_LITERAL_NULL_CONVERSION = YES;
				CLANG_WARN_OBJC_IMPLICIT_RETAIN_SELF = YES;
				CLANG_WARN_OBJC_LITERAL_CONVERSION = YES;
				CLANG_WARN_OBJC_ROOT_CLASS = YES_ERROR;
				CLANG_WARN_QUOTED_INCLUDE_IN_FRAMEWORK_HEADER = YES;
				CLANG_WARN_RANGE_LOOP_ANALYSIS = YES;
				CLANG_WARN_STRICT_PROTOTYPES = YES;
				CLANG_WARN_SUSPICIOUS_MOVE = YES;
				CLANG_WARN_UNGUARDED_AVAILABILITY = YES_AGGRESSIVE;
				CLANG_WARN_UNREACHABLE_CODE = YES;
				CLANG_WARN__DUPLICATE_METHOD_MATCH = YES;
				COPY_PHASE_STRIP = NO;
				DEBUG_INFORMATION_FORMAT = dwarf;
				ENABLE_STRICT_OBJC_MSGSEND = YES;
				ENABLE_TESTABILITY = YES;
				GCC_C_LANGUAGE_STANDARD = gnu11;
				GCC_DYNAMIC_NO_PIC = NO;
				GCC_NO_COMMON_BLOCKS = YES;
				GCC_OPTIMIZATION_LEVEL = 0;
				GCC_PREPROCESSOR_DEFINITIONS = (
					"DEBUG=1",
					"$(inherited)",
				);
				GCC_WARN_64_TO_32_BIT_CONVERSION = YES;
				GCC_WARN_ABOUT_RETURN_TYPE = YES_ERROR;
				GCC_WARN_UNDECLARED_SELECTOR = YES;
				GCC_WARN_UNINITIALIZED_AUTOS = YES_AGGRESSIVE;
				GCC_WARN_UNUSED_FUNCTION = YES;
				GCC_WARN_UNUSED_VARIABLE = YES;
				IPHONEOS_DEPLOYMENT_TARGET = 10.0;
				MTL_ENABLE_DEBUG_INFO = INCLUDE_SOURCE;
				MTL_FAST_MATH = YES;
				ONLY_ACTIVE_ARCH = YES;
				SDKROOT = iphoneos;
				SWIFT_ACTIVE_COMPILATION_CONDITIONS = DEBUG;
				SWIFT_OPTIMIZATION_LEVEL = "-Onone";
			};
			name = Debug;
		};
		72D55EE027D647DE001BBA9F /* Release */ = {
			isa = XCBuildConfiguration;
			buildSettings = {
				ALWAYS_SEARCH_USER_PATHS = NO;
				CLANG_ANALYZER_NONNULL = YES;
				CLANG_ANALYZER_NUMBER_OBJECT_CONVERSION = YES_AGGRESSIVE;
				CLANG_CXX_LANGUAGE_STANDARD = "gnu++17";
				CLANG_CXX_LIBRARY = "libc++";
				CLANG_ENABLE_MODULES = YES;
				CLANG_ENABLE_OBJC_ARC = YES;
				CLANG_ENABLE_OBJC_WEAK = YES;
				CLANG_WARN_BLOCK_CAPTURE_AUTORELEASING = YES;
				CLANG_WARN_BOOL_CONVERSION = YES;
				CLANG_WARN_COMMA = YES;
				CLANG_WARN_CONSTANT_CONVERSION = YES;
				CLANG_WARN_DEPRECATED_OBJC_IMPLEMENTATIONS = YES;
				CLANG_WARN_DIRECT_OBJC_ISA_USAGE = YES_ERROR;
				CLANG_WARN_DOCUMENTATION_COMMENTS = YES;
				CLANG_WARN_EMPTY_BODY = YES;
				CLANG_WARN_ENUM_CONVERSION = YES;
				CLANG_WARN_INFINITE_RECURSION = YES;
				CLANG_WARN_INT_CONVERSION = YES;
				CLANG_WARN_NON_LITERAL_NULL_CONVERSION = YES;
				CLANG_WARN_OBJC_IMPLICIT_RETAIN_SELF = YES;
				CLANG_WARN_OBJC_LITERAL_CONVERSION = YES;
				CLANG_WARN_OBJC_ROOT_CLASS = YES_ERROR;
				CLANG_WARN_QUOTED_INCLUDE_IN_FRAMEWORK_HEADER = YES;
				CLANG_WARN_RANGE_LOOP_ANALYSIS = YES;
				CLANG_WARN_STRICT_PROTOTYPES = YES;
				CLANG_WARN_SUSPICIOUS_MOVE = YES;
				CLANG_WARN_UNGUARDED_AVAILABILITY = YES_AGGRESSIVE;
				CLANG_WARN_UNREACHABLE_CODE = YES;
				CLANG_WARN__DUPLICATE_METHOD_MATCH = YES;
				COPY_PHASE_STRIP = NO;
				DEBUG_INFORMATION_FORMAT = "dwarf-with-dsym";
				ENABLE_NS_ASSERTIONS = NO;
				ENABLE_STRICT_OBJC_MSGSEND = YES;
				GCC_C_LANGUAGE_STANDARD = gnu11;
				GCC_NO_COMMON_BLOCKS = YES;
				GCC_WARN_64_TO_32_BIT_CONVERSION = YES;
				GCC_WARN_ABOUT_RETURN_TYPE = YES_ERROR;
				GCC_WARN_UNDECLARED_SELECTOR = YES;
				GCC_WARN_UNINITIALIZED_AUTOS = YES_AGGRESSIVE;
				GCC_WARN_UNUSED_FUNCTION = YES;
				GCC_WARN_UNUSED_VARIABLE = YES;
				IPHONEOS_DEPLOYMENT_TARGET = 10.0;
				MTL_ENABLE_DEBUG_INFO = NO;
				MTL_FAST_MATH = YES;
				SDKROOT = iphoneos;
				SWIFT_COMPILATION_MODE = wholemodule;
				SWIFT_OPTIMIZATION_LEVEL = "-O";
				VALIDATE_PRODUCT = YES;
			};
			name = Release;
		};
		72D55EE227D647DE001BBA9F /* Debug */ = {
			isa = XCBuildConfiguration;
			baseConfigurationReference = 1A7385F700FE5047F95433E9 /* Pods-List Post.debug.xcconfig */;
			buildSettings = {
				ASSETCATALOG_COMPILER_APPICON_NAME = AppIcon;
				ASSETCATALOG_COMPILER_GLOBAL_ACCENT_COLOR_NAME = AccentColor;
				CODE_SIGN_STYLE = Automatic;
				CURRENT_PROJECT_VERSION = 1;
				DEVELOPMENT_TEAM = H9Y26B6GZB;
				GENERATE_INFOPLIST_FILE = YES;
				INFOPLIST_FILE = "List Post/Info.plist";
				INFOPLIST_KEY_UIApplicationSupportsIndirectInputEvents = YES;
				INFOPLIST_KEY_UILaunchStoryboardName = LaunchScreen;
				INFOPLIST_KEY_UIMainStoryboardFile = Main;
				INFOPLIST_KEY_UISupportedInterfaceOrientations_iPad = "UIInterfaceOrientationPortrait UIInterfaceOrientationPortraitUpsideDown UIInterfaceOrientationLandscapeLeft UIInterfaceOrientationLandscapeRight";
				INFOPLIST_KEY_UISupportedInterfaceOrientations_iPhone = "UIInterfaceOrientationPortrait UIInterfaceOrientationLandscapeLeft UIInterfaceOrientationLandscapeRight";
				IPHONEOS_DEPLOYMENT_TARGET = 10.0;
				LD_RUNPATH_SEARCH_PATHS = (
					"$(inherited)",
					"@executable_path/Frameworks",
				);
				MARKETING_VERSION = 1.0;
				PRODUCT_BUNDLE_IDENTIFIER = "com.jan.List-Post";
				PRODUCT_NAME = "$(TARGET_NAME)";
				SWIFT_EMIT_LOC_STRINGS = YES;
				SWIFT_VERSION = 5.0;
				TARGETED_DEVICE_FAMILY = "1,2";
			};
			name = Debug;
		};
		72D55EE327D647DE001BBA9F /* Release */ = {
			isa = XCBuildConfiguration;
			baseConfigurationReference = E29E57BCE60806D7BE4312E8 /* Pods-List Post.release.xcconfig */;
			buildSettings = {
				ASSETCATALOG_COMPILER_APPICON_NAME = AppIcon;
				ASSETCATALOG_COMPILER_GLOBAL_ACCENT_COLOR_NAME = AccentColor;
				CODE_SIGN_STYLE = Automatic;
				CURRENT_PROJECT_VERSION = 1;
				DEVELOPMENT_TEAM = H9Y26B6GZB;
				GENERATE_INFOPLIST_FILE = YES;
				INFOPLIST_FILE = "List Post/Info.plist";
				INFOPLIST_KEY_UIApplicationSupportsIndirectInputEvents = YES;
				INFOPLIST_KEY_UILaunchStoryboardName = LaunchScreen;
				INFOPLIST_KEY_UIMainStoryboardFile = Main;
				INFOPLIST_KEY_UISupportedInterfaceOrientations_iPad = "UIInterfaceOrientationPortrait UIInterfaceOrientationPortraitUpsideDown UIInterfaceOrientationLandscapeLeft UIInterfaceOrientationLandscapeRight";
				INFOPLIST_KEY_UISupportedInterfaceOrientations_iPhone = "UIInterfaceOrientationPortrait UIInterfaceOrientationLandscapeLeft UIInterfaceOrientationLandscapeRight";
				IPHONEOS_DEPLOYMENT_TARGET = 10.0;
				LD_RUNPATH_SEARCH_PATHS = (
					"$(inherited)",
					"@executable_path/Frameworks",
				);
				MARKETING_VERSION = 1.0;
				PRODUCT_BUNDLE_IDENTIFIER = "com.jan.List-Post";
				PRODUCT_NAME = "$(TARGET_NAME)";
				SWIFT_EMIT_LOC_STRINGS = YES;
				SWIFT_VERSION = 5.0;
				TARGETED_DEVICE_FAMILY = "1,2";
			};
			name = Release;
		};
		72D55EE527D647DE001BBA9F /* Debug */ = {
			isa = XCBuildConfiguration;
			baseConfigurationReference = 74F3E56541CD744D03572C78 /* Pods-List PostTests.debug.xcconfig */;
			buildSettings = {
				ALWAYS_EMBED_SWIFT_STANDARD_LIBRARIES = YES;
				BUNDLE_LOADER = "$(TEST_HOST)";
				CODE_SIGN_STYLE = Automatic;
				CURRENT_PROJECT_VERSION = 1;
				DEVELOPMENT_TEAM = H9Y26B6GZB;
				GENERATE_INFOPLIST_FILE = YES;
				IPHONEOS_DEPLOYMENT_TARGET = 10.0;
				LD_RUNPATH_SEARCH_PATHS = (
					"$(inherited)",
					"@executable_path/Frameworks",
					"@loader_path/Frameworks",
				);
				MARKETING_VERSION = 1.0;
				PRODUCT_BUNDLE_IDENTIFIER = "com.jan.List-PostTests";
				PRODUCT_NAME = "$(TARGET_NAME)";
				SWIFT_EMIT_LOC_STRINGS = NO;
				SWIFT_VERSION = 5.0;
				TARGETED_DEVICE_FAMILY = "1,2";
				TEST_HOST = "$(BUILT_PRODUCTS_DIR)/List Post.app/List Post";
			};
			name = Debug;
		};
		72D55EE627D647DE001BBA9F /* Release */ = {
			isa = XCBuildConfiguration;
			baseConfigurationReference = BE1C8C9F090DA2FE1C0805A9 /* Pods-List PostTests.release.xcconfig */;
			buildSettings = {
				ALWAYS_EMBED_SWIFT_STANDARD_LIBRARIES = YES;
				BUNDLE_LOADER = "$(TEST_HOST)";
				CODE_SIGN_STYLE = Automatic;
				CURRENT_PROJECT_VERSION = 1;
				DEVELOPMENT_TEAM = H9Y26B6GZB;
				GENERATE_INFOPLIST_FILE = YES;
				IPHONEOS_DEPLOYMENT_TARGET = 10.0;
				LD_RUNPATH_SEARCH_PATHS = (
					"$(inherited)",
					"@executable_path/Frameworks",
					"@loader_path/Frameworks",
				);
				MARKETING_VERSION = 1.0;
				PRODUCT_BUNDLE_IDENTIFIER = "com.jan.List-PostTests";
				PRODUCT_NAME = "$(TARGET_NAME)";
				SWIFT_EMIT_LOC_STRINGS = NO;
				SWIFT_VERSION = 5.0;
				TARGETED_DEVICE_FAMILY = "1,2";
				TEST_HOST = "$(BUILT_PRODUCTS_DIR)/List Post.app/List Post";
			};
			name = Release;
		};
		72D55EE827D647DE001BBA9F /* Debug */ = {
			isa = XCBuildConfiguration;
			baseConfigurationReference = E7FA3495C20BB6683C34EFD0 /* Pods-List Post-List PostUITests.debug.xcconfig */;
			buildSettings = {
				ALWAYS_EMBED_SWIFT_STANDARD_LIBRARIES = YES;
				CODE_SIGN_STYLE = Automatic;
				CURRENT_PROJECT_VERSION = 1;
				DEVELOPMENT_TEAM = H9Y26B6GZB;
				GENERATE_INFOPLIST_FILE = YES;
				LD_RUNPATH_SEARCH_PATHS = (
					"$(inherited)",
					"@executable_path/Frameworks",
					"@loader_path/Frameworks",
				);
				MARKETING_VERSION = 1.0;
				PRODUCT_BUNDLE_IDENTIFIER = "com.jan.List-PostUITests";
				PRODUCT_NAME = "$(TARGET_NAME)";
				SWIFT_EMIT_LOC_STRINGS = NO;
				SWIFT_VERSION = 5.0;
				TARGETED_DEVICE_FAMILY = "1,2";
				TEST_TARGET_NAME = "List Post";
			};
			name = Debug;
		};
		72D55EE927D647DE001BBA9F /* Release */ = {
			isa = XCBuildConfiguration;
			baseConfigurationReference = 9F87E89D063E538F7E4D5D24 /* Pods-List Post-List PostUITests.release.xcconfig */;
			buildSettings = {
				ALWAYS_EMBED_SWIFT_STANDARD_LIBRARIES = YES;
				CODE_SIGN_STYLE = Automatic;
				CURRENT_PROJECT_VERSION = 1;
				DEVELOPMENT_TEAM = H9Y26B6GZB;
				GENERATE_INFOPLIST_FILE = YES;
				LD_RUNPATH_SEARCH_PATHS = (
					"$(inherited)",
					"@executable_path/Frameworks",
					"@loader_path/Frameworks",
				);
				MARKETING_VERSION = 1.0;
				PRODUCT_BUNDLE_IDENTIFIER = "com.jan.List-PostUITests";
				PRODUCT_NAME = "$(TARGET_NAME)";
				SWIFT_EMIT_LOC_STRINGS = NO;
				SWIFT_VERSION = 5.0;
				TARGETED_DEVICE_FAMILY = "1,2";
				TEST_TARGET_NAME = "List Post";
			};
			name = Release;
		};
/* End XCBuildConfiguration section */

/* Begin XCConfigurationList section */
		72D55EB227D647DB001BBA9F /* Build configuration list for PBXProject "List Post" */ = {
			isa = XCConfigurationList;
			buildConfigurations = (
				72D55EDF27D647DE001BBA9F /* Debug */,
				72D55EE027D647DE001BBA9F /* Release */,
			);
			defaultConfigurationIsVisible = 0;
			defaultConfigurationName = Release;
		};
		72D55EE127D647DE001BBA9F /* Build configuration list for PBXNativeTarget "List Post" */ = {
			isa = XCConfigurationList;
			buildConfigurations = (
				72D55EE227D647DE001BBA9F /* Debug */,
				72D55EE327D647DE001BBA9F /* Release */,
			);
			defaultConfigurationIsVisible = 0;
			defaultConfigurationName = Release;
		};
		72D55EE427D647DE001BBA9F /* Build configuration list for PBXNativeTarget "List PostTests" */ = {
			isa = XCConfigurationList;
			buildConfigurations = (
				72D55EE527D647DE001BBA9F /* Debug */,
				72D55EE627D647DE001BBA9F /* Release */,
			);
			defaultConfigurationIsVisible = 0;
			defaultConfigurationName = Release;
		};
		72D55EE727D647DE001BBA9F /* Build configuration list for PBXNativeTarget "List PostUITests" */ = {
			isa = XCConfigurationList;
			buildConfigurations = (
				72D55EE827D647DE001BBA9F /* Debug */,
				72D55EE927D647DE001BBA9F /* Release */,
			);
			defaultConfigurationIsVisible = 0;
			defaultConfigurationName = Release;
		};
/* End XCConfigurationList section */
	};
	rootObject = 72D55EAF27D647DB001BBA9F /* Project object */;
}
